
Microsoft Visual Studio Solution File, Format Version 12.00
# Visual Studio Version 17
VisualStudioVersion = 17.13.35828.75
MinimumVisualStudioVersion = 10.0.40219.1
Project("{FAE04EC0-301F-11D3-BF4B-00C04F79EFBC}") = "SimpleCqrsMediator", "SimpleCqrsMediator.csproj", "{42677034-83BD-4BC0-A06C-9C85AC1B23A7}"
EndProject
Global
	GlobalSection(SolutionConfigurationPlatforms) = preSolution
		Debug|Any CPU = Debug|Any CPU
		Release|Any CPU = Release|Any CPU
	EndGlobalSection
	GlobalSection(ProjectConfigurationPlatforms) = postSolution
		{42677034-83BD-4BC0-A06C-9C85AC1B23A7}.Debug|Any CPU.ActiveCfg = Debug|Any CPU
		{42677034-83BD-4BC0-A06C-9C85AC1B23A7}.Debug|Any CPU.Build.0 = Debug|Any CPU
		{42677034-83BD-4BC0-A06C-9C85AC1B23A7}.Release|Any CPU.ActiveCfg = Release|Any CPU
		{42677034-83BD-4BC0-A06C-9C85AC1B23A7}.Release|Any CPU.Build.0 = Release|Any CPU
	EndGlobalSection
	GlobalSection(SolutionProperties) = preSolution
		HideSolutionNode = FALSE
	EndGlobalSection
	GlobalSection(ExtensibilityGlobals) = postSolution
		SolutionGuid = {F2D72EAB-7955-4246-921B-CFF0108F9CFA}
	EndGlobalSection
EndGlobal
